// !$*UTF8*$!
{
	archiveVersion = 1;
	classes = {
	};
	objectVersion = 51;
	objects = {

/* Begin PBXBuildFile section */
		76992207B488FFDFBA206456 /* Pods_MyTask.framework in Frameworks */ = {isa = PBXBuildFile; fileRef = E93BD5B559A6A3D7CA2BB1A6 /* Pods_MyTask.framework */; };
		BC6B5309233CD89E0007F3F5 /* Item.swift in Sources */ = {isa = PBXBuildFile; fileRef = BC6B5308233CD89E0007F3F5 /* Item.swift */; };
		BC6B530B233CD8B20007F3F5 /* Category.swift in Sources */ = {isa = PBXBuildFile; fileRef = BC6B530A233CD8B20007F3F5 /* Category.swift */; };
		BCA5EC8B233B111400639AE6 /* CatogeryTableViewController.swift in Sources */ = {isa = PBXBuildFile; fileRef = BCA5EC8A233B111400639AE6 /* CatogeryTableViewController.swift */; };
		BCF04256233924E90096C341 /* AppDelegate.swift in Sources */ = {isa = PBXBuildFile; fileRef = BCF04255233924E90096C341 /* AppDelegate.swift */; };
		BCF0425B233924E90096C341 /* Main.storyboard in Resources */ = {isa = PBXBuildFile; fileRef = BCF04259233924E90096C341 /* Main.storyboard */; };
		BCF0425D233924EC0096C341 /* Assets.xcassets in Resources */ = {isa = PBXBuildFile; fileRef = BCF0425C233924EC0096C341 /* Assets.xcassets */; };
		BCF04260233924EC0096C341 /* LaunchScreen.storyboard in Resources */ = {isa = PBXBuildFile; fileRef = BCF0425E233924EC0096C341 /* LaunchScreen.storyboard */; };
		BCF0426D233927B30096C341 /* TodoTableViewController.swift in Sources */ = {isa = PBXBuildFile; fileRef = BCF0426C233927B30096C341 /* TodoTableViewController.swift */; };
/* End PBXBuildFile section */

/* Begin PBXFileReference section */
		16A7C9B5F51496B8C44B83D4 /* Pods-MyTask.debug.xcconfig */ = {isa = PBXFileReference; includeInIndex = 1; lastKnownFileType = text.xcconfig; name = "Pods-MyTask.debug.xcconfig"; path = "Target Support Files/Pods-MyTask/Pods-MyTask.debug.xcconfig"; sourceTree = "<group>"; };
		BC6B5308233CD89E0007F3F5 /* Item.swift */ = {isa = PBXFileReference; lastKnownFileType = sourcecode.swift; path = Item.swift; sourceTree = "<group>"; };
		BC6B530A233CD8B20007F3F5 /* Category.swift */ = {isa = PBXFileReference; lastKnownFileType = sourcecode.swift; path = Category.swift; sourceTree = "<group>"; };
		BCA5EC8A233B111400639AE6 /* CatogeryTableViewController.swift */ = {isa = PBXFileReference; lastKnownFileType = sourcecode.swift; path = CatogeryTableViewController.swift; sourceTree = "<group>"; };
		BCF04252233924E90096C341 /* MyTask.app */ = {isa = PBXFileReference; explicitFileType = wrapper.application; includeInIndex = 0; path = MyTask.app; sourceTree = BUILT_PRODUCTS_DIR; };
		BCF04255233924E90096C341 /* AppDelegate.swift */ = {isa = PBXFileReference; lastKnownFileType = sourcecode.swift; path = AppDelegate.swift; sourceTree = "<group>"; };
		BCF0425A233924E90096C341 /* Base */ = {isa = PBXFileReference; lastKnownFileType = file.storyboard; name = Base; path = Base.lproj/Main.storyboard; sourceTree = "<group>"; };
		BCF0425C233924EC0096C341 /* Assets.xcassets */ = {isa = PBXFileReference; lastKnownFileType = folder.assetcatalog; path = Assets.xcassets; sourceTree = "<group>"; };
		BCF0425F233924EC0096C341 /* Base */ = {isa = PBXFileReference; lastKnownFileType = file.storyboard; name = Base; path = Base.lproj/LaunchScreen.storyboard; sourceTree = "<group>"; };
		BCF04261233924EC0096C341 /* Info.plist */ = {isa = PBXFileReference; lastKnownFileType = text.plist.xml; path = Info.plist; sourceTree = "<group>"; };
		BCF0426C233927B30096C341 /* TodoTableViewController.swift */ = {isa = PBXFileReference; lastKnownFileType = sourcecode.swift; path = TodoTableViewController.swift; sourceTree = "<group>"; };
		D21685A1FF7E03B2188FCFCF /* Pods-MyTask.release.xcconfig */ = {isa = PBXFileReference; includeInIndex = 1; lastKnownFileType = text.xcconfig; name = "Pods-MyTask.release.xcconfig"; path = "Target Support Files/Pods-MyTask/Pods-MyTask.release.xcconfig"; sourceTree = "<group>"; };
		E93BD5B559A6A3D7CA2BB1A6 /* Pods_MyTask.framework */ = {isa = PBXFileReference; explicitFileType = wrapper.framework; includeInIndex = 0; path = Pods_MyTask.framework; sourceTree = BUILT_PRODUCTS_DIR; };
/* End PBXFileReference section */

/* Begin PBXFrameworksBuildPhase section */
		BCF0424F233924E90096C341 /* Frameworks */ = {
			isa = PBXFrameworksBuildPhase;
			buildActionMask = 2147483647;
			files = (
				76992207B488FFDFBA206456 /* Pods_MyTask.framework in Frameworks */,
			);
			runOnlyForDeploymentPostprocessing = 0;
		};
/* End PBXFrameworksBuildPhase section */

/* Begin PBXGroup section */
		4DC416E0D35D98C5B7968234 /* Frameworks */ = {
			isa = PBXGroup;
			children = (
				E93BD5B559A6A3D7CA2BB1A6 /* Pods_MyTask.framework */,
			);
			name = Frameworks;
			sourceTree = "<group>";
		};
		BCF04249233924E90096C341 = {
			isa = PBXGroup;
			children = (
				BCF04261233924EC0096C341 /* Info.plist */,
				BCF04254233924E90096C341 /* MyTask */,
				BCF04253233924E90096C341 /* Products */,
				FA8567C62CCF4C8D0A0F2A24 /* Pods */,
				4DC416E0D35D98C5B7968234 /* Frameworks */,
			);
			sourceTree = "<group>";
		};
		BCF04253233924E90096C341 /* Products */ = {
			isa = PBXGroup;
			children = (
				BCF04252233924E90096C341 /* MyTask.app */,
			);
			name = Products;
			sourceTree = "<group>";
		};
		BCF04254233924E90096C341 /* MyTask */ = {
			isa = PBXGroup;
			children = (
				BCF04267233925100096C341 /* Controller */,
				BCF042682339255C0096C341 /* View */,
				BCF0426B233925A10096C341 /* Model */,
			);
			path = MyTask;
			sourceTree = "<group>";
		};
		BCF04267233925100096C341 /* Controller */ = {
			isa = PBXGroup;
			children = (
				BCF04255233924E90096C341 /* AppDelegate.swift */,
				BCA5EC8A233B111400639AE6 /* CatogeryTableViewController.swift */,
				BCF0426C233927B30096C341 /* TodoTableViewController.swift */,
			);
			path = Controller;
			sourceTree = "<group>";
		};
		BCF042682339255C0096C341 /* View */ = {
			isa = PBXGroup;
			children = (
				BCF04259233924E90096C341 /* Main.storyboard */,
				BCF0425C233924EC0096C341 /* Assets.xcassets */,
				BCF0425E233924EC0096C341 /* LaunchScreen.storyboard */,
			);
			path = View;
			sourceTree = "<group>";
		};
		BCF0426B233925A10096C341 /* Model */ = {
			isa = PBXGroup;
			children = (
				BC6B530A233CD8B20007F3F5 /* Category.swift */,
				BC6B5308233CD89E0007F3F5 /* Item.swift */,
			);
			path = Model;
			sourceTree = "<group>";
		};
		FA8567C62CCF4C8D0A0F2A24 /* Pods */ = {
			isa = PBXGroup;
			children = (
				16A7C9B5F51496B8C44B83D4 /* Pods-MyTask.debug.xcconfig */,
				D21685A1FF7E03B2188FCFCF /* Pods-MyTask.release.xcconfig */,
			);
			path = Pods;
			sourceTree = "<group>";
		};
/* End PBXGroup section */

/* Begin PBXNativeTarget section */
		BCF04251233924E90096C341 /* MyTask */ = {
			isa = PBXNativeTarget;
			buildConfigurationList = BCF04264233924EC0096C341 /* Build configuration list for PBXNativeTarget "MyTask" */;
			buildPhases = (
				7F9F27BB07D9FC8D61888E90 /* [CP] Check Pods Manifest.lock */,
				BCF0424E233924E90096C341 /* Sources */,
				BCF0424F233924E90096C341 /* Frameworks */,
				BCF04250233924E90096C341 /* Resources */,
				25B7A010922528944D4BA475 /* [CP] Embed Pods Frameworks */,
			);
			buildRules = (
			);
			dependencies = (
			);
			name = MyTask;
			productName = MyTask;
			productReference = BCF04252233924E90096C341 /* MyTask.app */;
			productType = "com.apple.product-type.application";
		};
/* End PBXNativeTarget section */

/* Begin PBXProject section */
		BCF0424A233924E90096C341 /* Project object */ = {
			isa = PBXProject;
			attributes = {
				LastSwiftUpdateCheck = 1030;
				LastUpgradeCheck = 1030;
				ORGANIZATIONNAME = "Ahmed Sultan";
				TargetAttributes = {
					BCF04251233924E90096C341 = {
						CreatedOnToolsVersion = 10.3;
					};
				};
			};
			buildConfigurationList = BCF0424D233924E90096C341 /* Build configuration list for PBXProject "MyTask" */;
			compatibilityVersion = "Xcode 9.3";
			developmentRegion = en;
			hasScannedForEncodings = 0;
			knownRegions = (
				en,
				Base,
			);
			mainGroup = BCF04249233924E90096C341;
			productRefGroup = BCF04253233924E90096C341 /* Products */;
			projectDirPath = "";
			projectRoot = "";
			targets = (
				BCF04251233924E90096C341 /* MyTask */,
			);
		};
/* End PBXProject section */

/* Begin PBXResourcesBuildPhase section */
		BCF04250233924E90096C341 /* Resources */ = {
			isa = PBXResourcesBuildPhase;
			buildActionMask = 2147483647;
			files = (
				BCF04260233924EC0096C341 /* LaunchScreen.storyboard in Resources */,
				BCF0425D233924EC0096C341 /* Assets.xcassets in Resources */,
				BCF0425B233924E90096C341 /* Main.storyboard in Resources */,
			);
			runOnlyForDeploymentPostprocessing = 0;
		};
/* End PBXResourcesBuildPhase section */

/* Begin PBXShellScriptBuildPhase section */
		25B7A010922528944D4BA475 /* [CP] Embed Pods Frameworks */ = {
			isa = PBXShellScriptBuildPhase;
			buildActionMask = 2147483647;
			files = (
			);
			inputFileListPaths = (
				"${PODS_ROOT}/Target Support Files/Pods-MyTask/Pods-MyTask-frameworks-${CONFIGURATION}-input-files.xcfilelist",
			);
			name = "[CP] Embed Pods Frameworks";
			outputFileListPaths = (
				"${PODS_ROOT}/Target Support Files/Pods-MyTask/Pods-MyTask-frameworks-${CONFIGURATION}-output-files.xcfilelist",
			);
			runOnlyForDeploymentPostprocessing = 0;
			shellPath = /bin/sh;
			shellScript = "\"${PODS_ROOT}/Target Support Files/Pods-MyTask/Pods-MyTask-frameworks.sh\"\n";
			showEnvVarsInLog = 0;
		};
		7F9F27BB07D9FC8D61888E90 /* [CP] Check Pods Manifest.lock */ = {
			isa = PBXShellScriptBuildPhase;
			buildActionMask = 2147483647;
			files = (
			);
			inputFileListPaths = (
			);
			inputPaths = (
				"${PODS_PODFILE_DIR_PATH}/Podfile.lock",
				"${PODS_ROOT}/Manifest.lock",
			);
			name = "[CP] Check Pods Manifest.lock";
			outputFileListPaths = (
			);
			outputPaths = (
				"$(DERIVED_FILE_DIR)/Pods-MyTask-checkManifestLockResult.txt",
			);
			runOnlyForDeploymentPostprocessing = 0;
			shellPath = /bin/sh;
			shellScript = "diff \"${PODS_PODFILE_DIR_PATH}/Podfile.lock\" \"${PODS_ROOT}/Manifest.lock\" > /dev/null\nif [ $? != 0 ] ; then\n    # print error to STDERR\n    echo \"error: The sandbox is not in sync with the Podfile.lock. Run 'pod install' or update your CocoaPods installation.\" >&2\n    exit 1\nfi\n# This output is used by Xcode 'outputs' to avoid re-running this script phase.\necho \"SUCCESS\" > \"${SCRIPT_OUTPUT_FILE_0}\"\n";
			showEnvVarsInLog = 0;
		};
/* End PBXShellScriptBuildPhase section */

/* Begin PBXSourcesBuildPhase section */
		BCF0424E233924E90096C341 /* Sources */ = {
			isa = PBXSourcesBuildPhase;
			buildActionMask = 2147483647;
			files = (
				BC6B5309233CD89E0007F3F5 /* Item.swift in Sources */,
				BCF04256233924E90096C341 /* AppDelegate.swift in Sources */,
				BCF0426D233927B30096C341 /* TodoTableViewController.swift in Sources */,
				BCA5EC8B233B111400639AE6 /* CatogeryTableViewController.swift in Sources */,
				BC6B530B233CD8B20007F3F5 /* Category.swift in Sources */,
			);
			runOnlyForDeploymentPostprocessing = 0;
		};
/* End PBXSourcesBuildPhase section */

/* Begin PBXVariantGroup section */
		BCF04259233924E90096C341 /* Main.storyboard */ = {
			isa = PBXVariantGroup;
			children = (
				BCF0425A233924E90096C341 /* Base */,
			);
			name = Main.storyboard;
			sourceTree = "<group>";
		};
		BCF0425E233924EC0096C341 /* LaunchScreen.storyboard */ = {
			isa = PBXVariantGroup;
			children = (
				BCF0425F233924EC0096C341 /* Base */,
			);
			name = LaunchScreen.storyboard;
			sourceTree = "<group>";
		};
/* End PBXVariantGroup section */

/* Begin XCBuildConfiguration section */
		BCF04262233924EC0096C341 /* Debug */ = {
			isa = XCBuildConfiguration;
			buildSettings = {
				ALWAYS_SEARCH_USER_PATHS = NO;
				CLANG_ANALYZER_NONNULL = YES;
				CLANG_ANALYZER_NUMBER_OBJECT_CONVERSION = YES_AGGRESSIVE;
				CLANG_CXX_LANGUAGE_STANDARD = "gnu++14";
				CLANG_CXX_LIBRARY = "libc++";
				CLANG_ENABLE_MODULES = YES;
				CLANG_ENABLE_OBJC_ARC = YES;
				CLANG_ENABLE_OBJC_WEAK = YES;
				CLANG_WARN_BLOCK_CAPTURE_AUTORELEASING = YES;
				CLANG_WARN_BOOL_CONVERSION = YES;
				CLANG_WARN_COMMA = YES;
				CLANG_WARN_CONSTANT_CONVERSION = YES;
				CLANG_WARN_DEPRECATED_OBJC_IMPLEMENTATIONS = YES;
				CLANG_WARN_DIRECT_OBJC_ISA_USAGE = YES_ERROR;
				CLANG_WARN_DOCUMENTATION_COMMENTS = YES;
				CLANG_WARN_EMPTY_BODY = YES;
				CLANG_WARN_ENUM_CONVERSION = YES;
				CLANG_WARN_INFINITE_RECURSION = YES;
				CLANG_WARN_INT_CONVERSION = YES;
				CLANG_WARN_NON_LITERAL_NULL_CONVERSION = YES;
				CLANG_WARN_OBJC_IMPLICIT_RETAIN_SELF = YES;
				CLANG_WARN_OBJC_LITERAL_CONVERSION = YES;
				CLANG_WARN_OBJC_ROOT_CLASS = YES_ERROR;
				CLANG_WARN_RANGE_LOOP_ANALYSIS = YES;
				CLANG_WARN_STRICT_PROTOTYPES = YES;
				CLANG_WARN_SUSPICIOUS_MOVE = YES;
				CLANG_WARN_UNGUARDED_AVAILABILITY = YES_AGGRESSIVE;
				CLANG_WARN_UNREACHABLE_CODE = YES;
				CLANG_WARN__DUPLICATE_METHOD_MATCH = YES;
				CODE_SIGN_IDENTITY = "iPhone Developer";
				COPY_PHASE_STRIP = NO;
				DEBUG_INFORMATION_FORMAT = dwarf;
				ENABLE_STRICT_OBJC_MSGSEND = YES;
				ENABLE_TESTABILITY = YES;
				GCC_C_LANGUAGE_STANDARD = gnu11;
				GCC_DYNAMIC_NO_PIC = NO;
				GCC_NO_COMMON_BLOCKS = YES;
				GCC_OPTIMIZATION_LEVEL = 0;
				GCC_PREPROCESSOR_DEFINITIONS = (
					"DEBUG=1",
					"$(inherited)",
				);
				GCC_WARN_64_TO_32_BIT_CONVERSION = YES;
				GCC_WARN_ABOUT_RETURN_TYPE = YES_ERROR;
				GCC_WARN_UNDECLARED_SELECTOR = YES;
				GCC_WARN_UNINITIALIZED_AUTOS = YES_AGGRESSIVE;
				GCC_WARN_UNUSED_FUNCTION = YES;
				GCC_WARN_UNUSED_VARIABLE = YES;
				IPHONEOS_DEPLOYMENT_TARGET = 12.4;
				MTL_ENABLE_DEBUG_INFO = INCLUDE_SOURCE;
				MTL_FAST_MATH = YES;
				ONLY_ACTIVE_ARCH = YES;
				SDKROOT = iphoneos;
				SWIFT_ACTIVE_COMPILATION_CONDITIONS = DEBUG;
				SWIFT_OPTIMIZATION_LEVEL = "-Onone";
			};
			name = Debug;
		};
		BCF04263233924EC0096C341 /* Release */ = {
			isa = XCBuildConfiguration;
			buildSettings = {
				ALWAYS_SEARCH_USER_PATHS = NO;
				CLANG_ANALYZER_NONNULL = YES;
				CLANG_ANALYZER_NUMBER_OBJECT_CONVERSION = YES_AGGRESSIVE;
				CLANG_CXX_LANGUAGE_STANDARD = "gnu++14";
				CLANG_CXX_LIBRARY = "libc++";
				CLANG_ENABLE_MODULES = YES;
				CLANG_ENABLE_OBJC_ARC = YES;
				CLANG_ENABLE_OBJC_WEAK = YES;
				CLANG_WARN_BLOCK_CAPTURE_AUTORELEASING = YES;
				CLANG_WARN_BOOL_CONVERSION = YES;
				CLANG_WARN_COMMA = YES;
				CLANG_WARN_CONSTANT_CONVERSION = YES;
				CLANG_WARN_DEPRECATED_OBJC_IMPLEMENTATIONS = YES;
				CLANG_WARN_DIRECT_OBJC_ISA_USAGE = YES_ERROR;
				CLANG_WARN_DOCUMENTATION_COMMENTS = YES;
				CLANG_WARN_EMPTY_BODY = YES;
				CLANG_WARN_ENUM_CONVERSION = YES;
				CLANG_WARN_INFINITE_RECURSION = YES;
				CLANG_WARN_INT_CONVERSION = YES;
				CLANG_WARN_NON_LITERAL_NULL_CONVERSION = YES;
				CLANG_WARN_OBJC_IMPLICIT_RETAIN_SELF = YES;
				CLANG_WARN_OBJC_LITERAL_CONVERSION = YES;
				CLANG_WARN_OBJC_ROOT_CLASS = YES_ERROR;
				CLANG_WARN_RANGE_LOOP_ANALYSIS = YES;
				CLANG_WARN_STRICT_PROTOTYPES = YES;
				CLANG_WARN_SUSPICIOUS_MOVE = YES;
				CLANG_WARN_UNGUARDED_AVAILABILITY = YES_AGGRESSIVE;
				CLANG_WARN_UNREACHABLE_CODE = YES;
				CLANG_WARN__DUPLICATE_METHOD_MATCH = YES;
				CODE_SIGN_IDENTITY = "iPhone Developer";
				COPY_PHASE_STRIP = NO;
				DEBUG_INFORMATION_FORMAT = "dwarf-with-dsym";
				ENABLE_NS_ASSERTIONS = NO;
				ENABLE_STRICT_OBJC_MSGSEND = YES;
				GCC_C_LANGUAGE_STANDARD = gnu11;
				GCC_NO_COMMON_BLOCKS = YES;
				GCC_WARN_64_TO_32_BIT_CONVERSION = YES;
				GCC_WARN_ABOUT_RETURN_TYPE = YES_ERROR;
				GCC_WARN_UNDECLARED_SELECTOR = YES;
				GCC_WARN_UNINITIALIZED_AUTOS = YES_AGGRESSIVE;
				GCC_WARN_UNUSED_FUNCTION = YES;
				GCC_WARN_UNUSED_VARIABLE = YES;
				IPHONEOS_DEPLOYMENT_TARGET = 12.4;
				MTL_ENABLE_DEBUG_INFO = NO;
				MTL_FAST_MATH = YES;
				SDKROOT = iphoneos;
				SWIFT_COMPILATION_MODE = wholemodule;
				SWIFT_OPTIMIZATION_LEVEL = "-O";
				VALIDATE_PRODUCT = YES;
			};
			name = Release;
		};
		BCF04265233924EC0096C341 /* Debug */ = {
			isa = XCBuildConfiguration;
			baseConfigurationReference = 16A7C9B5F51496B8C44B83D4 /* Pods-MyTask.debug.xcconfig */;
			buildSettings = {
				ASSETCATALOG_COMPILER_APPICON_NAME = AppIcon;
				CODE_SIGN_STYLE = Automatic;
				DEVELOPMENT_TEAM = KLSS3TR23H;
				INFOPLIST_FILE = "$(SRCROOT)/Info.plist";
				LD_RUNPATH_SEARCH_PATHS = (
					"$(inherited)",
					"@executable_path/Frameworks",
				);
				PRODUCT_BUNDLE_IDENTIFIER = com.ahmedsultan.MyTask;
				PRODUCT_NAME = "$(TARGET_NAME)";
				SWIFT_VERSION = 5.0;
				TARGETED_DEVICE_FAMILY = "1,2";
			};
			name = Debug;
		};
		BCF04266233924EC0096C341 /* Release */ = {
			isa = XCBuildConfiguration;
			baseConfigurationReference = D21685A1FF7E03B2188FCFCF /* Pods-MyTask.release.xcconfig */;
			buildSettings = {
				ASSETCATALOG_COMPILER_APPICON_NAME = AppIcon;
				CODE_SIGN_STYLE = Automatic;
				DEVELOPMENT_TEAM = KLSS3TR23H;
				INFOPLIST_FILE = "$(SRCROOT)/Info.plist";
				LD_RUNPATH_SEARCH_PATHS = (
					"$(inherited)",
					"@executable_path/Frameworks",
				);
				PRODUCT_BUNDLE_IDENTIFIER = com.ahmedsultan.MyTask;
				PRODUCT_NAME = "$(TARGET_NAME)";
				SWIFT_VERSION = 5.0;
				TARGETED_DEVICE_FAMILY = "1,2";
			};
			name = Release;
		};
/* End XCBuildConfiguration section */

/* Begin XCConfigurationList section */
		BCF0424D233924E90096C341 /* Build configuration list for PBXProject "MyTask" */ = {
			isa = XCConfigurationList;
			buildConfigurations = (
				BCF04262233924EC0096C341 /* Debug */,
				BCF04263233924EC0096C341 /* Release */,
			);
			defaultConfigurationIsVisible = 0;
			defaultConfigurationName = Release;
		};
		BCF04264233924EC0096C341 /* Build configuration list for PBXNativeTarget "MyTask" */ = {
			isa = XCConfigurationList;
			buildConfigurations = (
				BCF04265233924EC0096C341 /* Debug */,
				BCF04266233924EC0096C341 /* Release */,
			);
			defaultConfigurationIsVisible = 0;
			defaultConfigurationName = Release;
		};
/* End XCConfigurationList section */
	};
	rootObject = BCF0424A233924E90096C341 /* Project object */;
}
